
Microsoft Visual Studio Solution File, Format Version 12.00
# Visual Studio Version 17
VisualStudioVersion = 17.2.32519.379
MinimumVisualStudioVersion = 10.0.40219.1
Project("{FAE04EC0-301F-11D3-BF4B-00C04F79EFBC}") = "Projeto_1_API", "Projeto_1_API\Projeto_1_API.csproj", "{8EDF2AE7-6D65-4F9F-B45D-A393A7F46160}"
EndProject
Global
	GlobalSection(SolutionConfigurationPlatforms) = preSolution
		Debug|Any CPU = Debug|Any CPU
		Release|Any CPU = Release|Any CPU
	EndGlobalSection
	GlobalSection(ProjectConfigurationPlatforms) = postSolution
		{8EDF2AE7-6D65-4F9F-B45D-A393A7F46160}.Debug|Any CPU.ActiveCfg = Debug|Any CPU
		{8EDF2AE7-6D65-4F9F-B45D-A393A7F46160}.Debug|Any CPU.Build.0 = Debug|Any CPU
		{8EDF2AE7-6D65-4F9F-B45D-A393A7F46160}.Release|Any CPU.ActiveCfg = Release|Any CPU
		{8EDF2AE7-6D65-4F9F-B45D-A393A7F46160}.Release|Any CPU.Build.0 = Release|Any CPU
	EndGlobalSection
	GlobalSection(SolutionProperties) = preSolution
		HideSolutionNode = FALSE
	EndGlobalSection
	GlobalSection(ExtensibilityGlobals) = postSolution
		SolutionGuid = {6C85B877-F9A1-4BB4-AD3F-AFDD03EFB1C7}
	EndGlobalSection
EndGlobal
